
Microsoft Visual Studio Solution File, Format Version 12.00
# Visual Studio Version 17
VisualStudioVersion = 17.3.32922.545
MinimumVisualStudioVersion = 10.0.40219.1
Project("{9A19103F-16F7-4668-BE54-9A1E7A4F7556}") = "Clinic.Domain", "Clinic.Domain\Clinic.Domain.csproj", "{9F55C2D9-B059-4CC6-AA2A-89A36660842B}"
EndProject
Project("{9A19103F-16F7-4668-BE54-9A1E7A4F7556}") = "Clinic.Persistence", "Clinic.Persistence\Clinic.Persistence.csproj", "{9BDEEDE1-EA49-4188-ACF5-CAFB7EBBA50D}"
	ProjectSection(ProjectDependencies) = postProject
		{9F55C2D9-B059-4CC6-AA2A-89A36660842B} = {9F55C2D9-B059-4CC6-AA2A-89A36660842B}
	EndProjectSection
EndProject
Project("{9A19103F-16F7-4668-BE54-9A1E7A4F7556}") = "Clinic.Infrastructure", "Clinic.Infractructure\Clinic.Infrastructure.csproj", "{8619EA67-8818-4379-8F40-3C39B49A88E7}"
EndProject
Project("{9A19103F-16F7-4668-BE54-9A1E7A4F7556}") = "Clinic.Contracts", "Clinic.Contracts\Clinic.Contracts.csproj", "{C9992F09-4147-4194-871E-9BBAC3902344}"
EndProject
Project("{9A19103F-16F7-4668-BE54-9A1E7A4F7556}") = "Clinic.API", "Clinic.API\Clinic.API.csproj", "{50FE6580-E963-43C0-9773-BAE4D20B71E1}"
EndProject
Global
	GlobalSection(SolutionConfigurationPlatforms) = preSolution
		Debug|Any CPU = Debug|Any CPU
		Release|Any CPU = Release|Any CPU
	EndGlobalSection
	GlobalSection(ProjectConfigurationPlatforms) = postSolution
		{9F55C2D9-B059-4CC6-AA2A-89A36660842B}.Debug|Any CPU.ActiveCfg = Debug|Any CPU
		{9F55C2D9-B059-4CC6-AA2A-89A36660842B}.Debug|Any CPU.Build.0 = Debug|Any CPU
		{9F55C2D9-B059-4CC6-AA2A-89A36660842B}.Release|Any CPU.ActiveCfg = Release|Any CPU
		{9F55C2D9-B059-4CC6-AA2A-89A36660842B}.Release|Any CPU.Build.0 = Release|Any CPU
		{9BDEEDE1-EA49-4188-ACF5-CAFB7EBBA50D}.Debug|Any CPU.ActiveCfg = Debug|Any CPU
		{9BDEEDE1-EA49-4188-ACF5-CAFB7EBBA50D}.Debug|Any CPU.Build.0 = Debug|Any CPU
		{9BDEEDE1-EA49-4188-ACF5-CAFB7EBBA50D}.Release|Any CPU.ActiveCfg = Release|Any CPU
		{9BDEEDE1-EA49-4188-ACF5-CAFB7EBBA50D}.Release|Any CPU.Build.0 = Release|Any CPU
		{8619EA67-8818-4379-8F40-3C39B49A88E7}.Debug|Any CPU.ActiveCfg = Debug|Any CPU
		{8619EA67-8818-4379-8F40-3C39B49A88E7}.Debug|Any CPU.Build.0 = Debug|Any CPU
		{8619EA67-8818-4379-8F40-3C39B49A88E7}.Release|Any CPU.ActiveCfg = Release|Any CPU
		{8619EA67-8818-4379-8F40-3C39B49A88E7}.Release|Any CPU.Build.0 = Release|Any CPU
		{C9992F09-4147-4194-871E-9BBAC3902344}.Debug|Any CPU.ActiveCfg = Debug|Any CPU
		{C9992F09-4147-4194-871E-9BBAC3902344}.Debug|Any CPU.Build.0 = Debug|Any CPU
		{C9992F09-4147-4194-871E-9BBAC3902344}.Release|Any CPU.ActiveCfg = Release|Any CPU
		{C9992F09-4147-4194-871E-9BBAC3902344}.Release|Any CPU.Build.0 = Release|Any CPU
		{50FE6580-E963-43C0-9773-BAE4D20B71E1}.Debug|Any CPU.ActiveCfg = Debug|Any CPU
		{50FE6580-E963-43C0-9773-BAE4D20B71E1}.Debug|Any CPU.Build.0 = Debug|Any CPU
		{50FE6580-E963-43C0-9773-BAE4D20B71E1}.Release|Any CPU.ActiveCfg = Release|Any CPU
		{50FE6580-E963-43C0-9773-BAE4D20B71E1}.Release|Any CPU.Build.0 = Release|Any CPU
	EndGlobalSection
	GlobalSection(SolutionProperties) = preSolution
		HideSolutionNode = FALSE
	EndGlobalSection
	GlobalSection(ExtensibilityGlobals) = postSolution
		SolutionGuid = {2D6AD77C-6E61-4149-9633-EC755089C4A2}
	EndGlobalSection
EndGlobal
